
Microsoft Visual Studio Solution File, Format Version 12.00
# Visual Studio Version 17
VisualStudioVersion = 17.2.32616.157
MinimumVisualStudioVersion = 10.0.40219.1
Project("{FAE04EC0-301F-11D3-BF4B-00C04F79EFBC}") = "HalloweenStore", "HalloweenStore.csproj", "{E55EAB93-A8FB-4682-A0BA-3A0689644663}"
EndProject
Global
	GlobalSection(SolutionConfigurationPlatforms) = preSolution
		Debug|Any CPU = Debug|Any CPU
		Release|Any CPU = Release|Any CPU
	EndGlobalSection
	GlobalSection(ProjectConfigurationPlatforms) = postSolution
		{E55EAB93-A8FB-4682-A0BA-3A0689644663}.Debug|Any CPU.ActiveCfg = Debug|Any CPU
		{E55EAB93-A8FB-4682-A0BA-3A0689644663}.Debug|Any CPU.Build.0 = Debug|Any CPU
		{E55EAB93-A8FB-4682-A0BA-3A0689644663}.Release|Any CPU.ActiveCfg = Release|Any CPU
		{E55EAB93-A8FB-4682-A0BA-3A0689644663}.Release|Any CPU.Build.0 = Release|Any CPU
	EndGlobalSection
	GlobalSection(SolutionProperties) = preSolution
		HideSolutionNode = FALSE
	EndGlobalSection
	GlobalSection(ExtensibilityGlobals) = postSolution
		SolutionGuid = {8F880498-E50E-464F-B170-FE885F46254A}
	EndGlobalSection
EndGlobal
